{
  "version": "2",
  "remote": {
    "https://deno.land/std@0.181.0/_util/asserts.ts": "178dfc49a464aee693a7e285567b3d0b555dc805ff490505a8aae34f9cfb1462",
    "https://deno.land/std@0.181.0/bytes/bytes_list.ts": "b4cbdfd2c263a13e8a904b12d082f6177ea97d9297274a4be134e989450dfa6a",
    "https://deno.land/std@0.181.0/bytes/concat.ts": "d26d6f3d7922e6d663dacfcd357563b7bf4a380ce5b9c2bbe0c8586662f25ce2",
    "https://deno.land/std@0.181.0/bytes/copy.ts": "939d89e302a9761dcf1d9c937c7711174ed74c59eef40a1e4569a05c9de88219",
    "https://deno.land/std@0.181.0/fmt/colors.ts": "d67e3cd9f472535241a8e410d33423980bec45047e343577554d3356e1f0ef4e",
    "https://deno.land/std@0.181.0/io/buf_reader.ts": "abeb92b18426f11d72b112518293a96aef2e6e55f80b84235e8971ac910affb5",
    "https://deno.land/std@0.181.0/io/buf_writer.ts": "48c33c8f00b61dcbc7958706741cec8e59810bd307bc6a326cbd474fe8346dfd",
    "https://deno.land/std@0.181.0/io/buffer.ts": "17f4410eaaa60a8a85733e8891349a619eadfbbe42e2f319283ce2b8f29723ab",
    "https://deno.land/std@0.181.0/io/copy_n.ts": "0cc7ce07c75130f6fc18621ec1911c36e147eb9570664fee0ea12b1988167590",
    "https://deno.land/std@0.181.0/io/limited_reader.ts": "6c9a216f8eef39c1ee2a6b37a29372c8fc63455b2eeb91f06d9646f8f759fc8b",
    "https://deno.land/std@0.181.0/io/mod.ts": "2665bcccc1fd6e8627cca167c3e92aaecbd9897556b6f69e6d258070ef63fd9b",
    "https://deno.land/std@0.181.0/io/multi_reader.ts": "9c2a0a31686c44b277e16da1d97b4686a986edcee48409b84be25eedbc39b271",
    "https://deno.land/std@0.181.0/io/read_delim.ts": "c02b93cc546ae8caad8682ae270863e7ace6daec24c1eddd6faabc95a9d876a3",
    "https://deno.land/std@0.181.0/io/read_int.ts": "7cb8bcdfaf1107586c3bacc583d11c64c060196cb070bb13ae8c2061404f911f",
    "https://deno.land/std@0.181.0/io/read_lines.ts": "c526c12a20a9386dc910d500f9cdea43cba974e853397790bd146817a7eef8cc",
    "https://deno.land/std@0.181.0/io/read_long.ts": "f0aaa420e3da1261c5d33c5e729f09922f3d9fa49f046258d4ff7a00d800c71e",
    "https://deno.land/std@0.181.0/io/read_range.ts": "28152daf32e43dd9f7d41d8466852b0d18ad766cd5c4334c91fef6e1b3a74eb5",
    "https://deno.land/std@0.181.0/io/read_short.ts": "805cb329574b850b84bf14a92c052c59b5977a492cd780c41df8ad40826c1a20",
    "https://deno.land/std@0.181.0/io/read_string_delim.ts": "5dc9f53bdf78e7d4ee1e56b9b60352238ab236a71c3e3b2a713c3d78472a53ce",
    "https://deno.land/std@0.181.0/io/slice_long_to_bytes.ts": "48d9bace92684e880e46aa4a2520fc3867f9d7ce212055f76ecc11b22f9644b7",
    "https://deno.land/std@0.181.0/io/string_reader.ts": "da0f68251b3d5b5112485dfd4d1b1936135c9b4d921182a7edaf47f74c25cc8f",
    "https://deno.land/std@0.181.0/io/string_writer.ts": "8a03c5858c24965a54c6538bed15f32a7c72f5704a12bda56f83a40e28e5433e",
    "https://deno.land/std@0.181.0/testing/_diff.ts": "1a3c044aedf77647d6cac86b798c6417603361b66b54c53331b312caeb447aea",
    "https://deno.land/std@0.181.0/testing/_format.ts": "a69126e8a469009adf4cf2a50af889aca364c349797e63174884a52ff75cf4c7",
    "https://deno.land/std@0.181.0/testing/asserts.ts": "e16d98b4d73ffc4ed498d717307a12500ae4f2cbe668f1a215632d19fcffc22f",
    "https://deno.land/std@0.181.0/types.d.ts": "dbaeb2c4d7c526db9828fc8df89d8aecf53b9ced72e0c4568f97ddd8cda616a4",
    "https://deno.land/std@0.86.0/async/deferred.ts": "f89ed49ba5e1dd0227c6bd5b23f017be46c3f92e4f0338dda08ff5aa54b9f6c9",
    "https://deno.land/std@0.86.0/async/delay.ts": "9de1d8d07d1927767ab7f82434b883f3d8294fb19cad819691a2ad81a728cf3d",
    "https://deno.land/std@0.86.0/async/mod.ts": "253b41c658d768613eacfb11caa0a9ca7148442f932018a45576f7f27554c853",
    "https://deno.land/std@0.86.0/async/mux_async_iterator.ts": "b9091909db04cdb0af6f7807677372f64c1488de6c4bd86004511b064bf230d6",
    "https://deno.land/std@0.86.0/async/pool.ts": "876f9e6815366cd017a3b4fbb9e9ae40310b1b6972f1bd541c94358bc11fb7e5",
    "https://deno.land/std@0.86.0/encoding/base64.ts": "eecae390f1f1d1cae6f6c6d732ede5276bf4b9cd29b1d281678c054dc5cc009e",
    "https://deno.land/std@0.86.0/encoding/hex.ts": "f952e0727bddb3b2fd2e6889d104eacbd62e92091f540ebd6459317a61932d9b",
    "https://deno.land/std@0.86.0/fmt/colors.ts": "d253f2367e5feebcf0f49676533949c09ea07a2d95fb74958f6f5c1c22fbec49",
    "https://deno.land/std@0.86.0/node/_utils.ts": "067c386d676432e9418808851e8de72df7774f009a652904f62358b4c94504cf",
    "https://deno.land/std@0.86.0/node/buffer.ts": "e98af24a3210d8fc3f022b6eb26d6e5bdf98fb0e02931e5983d20db9fed1b590",
    "https://deno.land/std@0.86.0/testing/_diff.ts": "961eaf6d9f5b0a8556c9d835bbc6fa74f5addd7d3b02728ba7936ff93364f7a3",
    "https://deno.land/std@0.86.0/testing/asserts.ts": "de942b2e1cb6dac1c1c4a7b698be017337e2e2cc2252ae0a6d215c5befde1e82",
    "https://deno.land/x/keydb@1.0.0/adapter.ts": "7492c993a6bd5ea033a3423e6383faa34bafd78292cfa344955e263d650112bc",
    "https://deno.land/x/keydb@1.0.0/jsonb.ts": "05fa1b45f43ea5e755a2271ef3dbeb3e4c64da7053c0c6c53e9d994fa98d9b72",
    "https://deno.land/x/keydb@1.0.0/keydb.ts": "616c4c866c9e11c29d5654d367468ed51b689565043f53fdeb5eb66f25138156",
    "https://deno.land/x/keydb@1.0.0/memory.ts": "f0ab6faf293c4ad3539fd3cf89c764d7f34d39d24e471ea59eebb5d1f5a510dc",
    "https://deno.land/x/keydb@1.0.0/sqlite.ts": "a16e0242077a0bd1bf027f5e5440778c237d5ff2e278aeebb2245c407a4e3b43",
    "https://deno.land/x/module_cache@0.0.1/mod.ts": "542ea337ec9c5ef4013a2c49a42d9faa9d161898c33629594ee526d883bc2cc6",
    "https://deno.land/x/sqlite@v2.3.2/build/sqlite.js": "24d7663da39aff93cb7a1c9fef28346d7c457ba30bba7fccfb211a94b4823c29",
    "https://deno.land/x/sqlite@v2.3.2/build/vfs.js": "ce3b69b82a1723cad2bf06dfee774f461bcc49502a20ec8b99198ceff46cd046",
    "https://deno.land/x/sqlite@v2.3.2/mod.ts": "1fc2fdc6aca3ffa8b3f4893c2858871e1bb24ab833d1ed732eba911ad44fb495",
    "https://deno.land/x/sqlite@v2.3.2/src/constants.ts": "6032b1a8b2e6ed186460385b83750deb8e9b7b8c6ff100e450605c814585186e",
    "https://deno.land/x/sqlite@v2.3.2/src/db.ts": "f5269a3014907b6758f99c6ac08b6dc1b448415703e745fb57ea3d3f8adb2a97",
    "https://deno.land/x/sqlite@v2.3.2/src/error.ts": "c305a89b28ab5b56e425074849c6544d23e855b92670935d9e965ee68f9a6a9e",
    "https://deno.land/x/sqlite@v2.3.2/src/row_objects.ts": "cf7ad165bb14c0fd346c46a7f3ea08043ace747d1abae3787bbe4b36be11b09c",
    "https://deno.land/x/sqlite@v2.3.2/src/rows.ts": "1b05730096f8df626bfc9d1597a776cc5ac7d989910a20711fa28c7a8daebb0e",
    "https://deno.land/x/sqlite@v2.3.2/src/wasm.ts": "9747b8c4de5542f2359a35461317f08a244fe8a0933c7e279caad27a0190e6bf"
  }
}
